// !$*UTF8*$!
{
	archiveVersion = 1;
	classes = {
	};
	objectVersion = 46;
	objects = {

/* Begin PBXBuildFile section */
		C11808591E752E59007B2E2D /* AppDelegate.swift in Sources */ = {isa = PBXBuildFile; fileRef = C11808581E752E59007B2E2D /* AppDelegate.swift */; };
		C118085B1E752E59007B2E2D /* ViewController.swift in Sources */ = {isa = PBXBuildFile; fileRef = C118085A1E752E59007B2E2D /* ViewController.swift */; };
		C118085E1E752E59007B2E2D /* Main.storyboard in Resources */ = {isa = PBXBuildFile; fileRef = C118085C1E752E59007B2E2D /* Main.storyboard */; };
		C11808601E752E59007B2E2D /* Assets.xcassets in Resources */ = {isa = PBXBuildFile; fileRef = C118085F1E752E59007B2E2D /* Assets.xcassets */; };
		C11808631E752E59007B2E2D /* LaunchScreen.storyboard in Resources */ = {isa = PBXBuildFile; fileRef = C11808611E752E59007B2E2D /* LaunchScreen.storyboard */; };
		C118086E1E752E59007B2E2D /* TicTacToeTests.swift in Sources */ = {isa = PBXBuildFile; fileRef = C118086D1E752E59007B2E2D /* TicTacToeTests.swift */; };
		C11808791E752E59007B2E2D /* TicTacToeUITests.swift in Sources */ = {isa = PBXBuildFile; fileRef = C11808781E752E59007B2E2D /* TicTacToeUITests.swift */; };
/* End PBXBuildFile section */

/* Begin PBXContainerItemProxy section */
		C118086A1E752E59007B2E2D /* PBXContainerItemProxy */ = {
			isa = PBXContainerItemProxy;
			containerPortal = C118084D1E752E58007B2E2D /* Project object */;
			proxyType = 1;
			remoteGlobalIDString = C11808541E752E58007B2E2D;
			remoteInfo = TicTacToe;
		};
		C11808751E752E59007B2E2D /* PBXContainerItemProxy */ = {
			isa = PBXContainerItemProxy;
			containerPortal = C118084D1E752E58007B2E2D /* Project object */;
			proxyType = 1;
			remoteGlobalIDString = C11808541E752E58007B2E2D;
			remoteInfo = TicTacToe;
		};
/* End PBXContainerItemProxy section */

/* Begin PBXFileReference section */
		C11808551E752E59007B2E2D /* TicTacToe.app */ = {isa = PBXFileReference; explicitFileType = wrapper.application; includeInIndex = 0; path = TicTacToe.app; sourceTree = BUILT_PRODUCTS_DIR; };
		C11808581E752E59007B2E2D /* AppDelegate.swift */ = {isa = PBXFileReference; lastKnownFileType = sourcecode.swift; path = AppDelegate.swift; sourceTree = "<group>"; };
		C118085A1E752E59007B2E2D /* ViewController.swift */ = {isa = PBXFileReference; lastKnownFileType = sourcecode.swift; path = ViewController.swift; sourceTree = "<group>"; };
		C118085D1E752E59007B2E2D /* Base */ = {isa = PBXFileReference; lastKnownFileType = file.storyboard; name = Base; path = Base.lproj/Main.storyboard; sourceTree = "<group>"; };
		C118085F1E752E59007B2E2D /* Assets.xcassets */ = {isa = PBXFileReference; lastKnownFileType = folder.assetcatalog; path = Assets.xcassets; sourceTree = "<group>"; };
		C11808621E752E59007B2E2D /* Base */ = {isa = PBXFileReference; lastKnownFileType = file.storyboard; name = Base; path = Base.lproj/LaunchScreen.storyboard; sourceTree = "<group>"; };
		C11808641E752E59007B2E2D /* Info.plist */ = {isa = PBXFileReference; lastKnownFileType = text.plist.xml; path = Info.plist; sourceTree = "<group>"; };
		C11808691E752E59007B2E2D /* TicTacToeTests.xctest */ = {isa = PBXFileReference; explicitFileType = wrapper.cfbundle; includeInIndex = 0; path = TicTacToeTests.xctest; sourceTree = BUILT_PRODUCTS_DIR; };
		C118086D1E752E59007B2E2D /* TicTacToeTests.swift */ = {isa = PBXFileReference; lastKnownFileType = sourcecode.swift; path = TicTacToeTests.swift; sourceTree = "<group>"; };
		C118086F1E752E59007B2E2D /* Info.plist */ = {isa = PBXFileReference; lastKnownFileType = text.plist.xml; path = Info.plist; sourceTree = "<group>"; };
		C11808741E752E59007B2E2D /* TicTacToeUITests.xctest */ = {isa = PBXFileReference; explicitFileType = wrapper.cfbundle; includeInIndex = 0; path = TicTacToeUITests.xctest; sourceTree = BUILT_PRODUCTS_DIR; };
		C11808781E752E59007B2E2D /* TicTacToeUITests.swift */ = {isa = PBXFileReference; lastKnownFileType = sourcecode.swift; path = TicTacToeUITests.swift; sourceTree = "<group>"; };
		C118087A1E752E59007B2E2D /* Info.plist */ = {isa = PBXFileReference; lastKnownFileType = text.plist.xml; path = Info.plist; sourceTree = "<group>"; };
/* End PBXFileReference section */

/* Begin PBXFrameworksBuildPhase section */
		C11808521E752E58007B2E2D /* Frameworks */ = {
			isa = PBXFrameworksBuildPhase;
			buildActionMask = 2147483647;
			files = (
			);
			runOnlyForDeploymentPostprocessing = 0;
		};
		C11808661E752E59007B2E2D /* Frameworks */ = {
			isa = PBXFrameworksBuildPhase;
			buildActionMask = 2147483647;
			files = (
			);
			runOnlyForDeploymentPostprocessing = 0;
		};
		C11808711E752E59007B2E2D /* Frameworks */ = {
			isa = PBXFrameworksBuildPhase;
			buildActionMask = 2147483647;
			files = (
			);
			runOnlyForDeploymentPostprocessing = 0;
		};
/* End PBXFrameworksBuildPhase section */

/* Begin PBXGroup section */
		C118084C1E752E58007B2E2D = {
			isa = PBXGroup;
			children = (
				C11808571E752E59007B2E2D /* TicTacToe */,
				C118086C1E752E59007B2E2D /* TicTacToeTests */,
				C11808771E752E59007B2E2D /* TicTacToeUITests */,
				C11808561E752E59007B2E2D /* Products */,
			);
			sourceTree = "<group>";
		};
		C11808561E752E59007B2E2D /* Products */ = {
			isa = PBXGroup;
			children = (
				C11808551E752E59007B2E2D /* TicTacToe.app */,
				C11808691E752E59007B2E2D /* TicTacToeTests.xctest */,
				C11808741E752E59007B2E2D /* TicTacToeUITests.xctest */,
			);
			name = Products;
			sourceTree = "<group>";
		};
		C11808571E752E59007B2E2D /* TicTacToe */ = {
			isa = PBXGroup;
			children = (
				C118085A1E752E59007B2E2D /* ViewController.swift */,
				C118085C1E752E59007B2E2D /* Main.storyboard */,
				C11808861E75318C007B2E2D /* Supporting Files */,
			);
			path = TicTacToe;
			sourceTree = "<group>";
		};
		C118086C1E752E59007B2E2D /* TicTacToeTests */ = {
			isa = PBXGroup;
			children = (
				C118086D1E752E59007B2E2D /* TicTacToeTests.swift */,
				C118086F1E752E59007B2E2D /* Info.plist */,
			);
			path = TicTacToeTests;
			sourceTree = "<group>";
		};
		C11808771E752E59007B2E2D /* TicTacToeUITests */ = {
			isa = PBXGroup;
			children = (
				C11808781E752E59007B2E2D /* TicTacToeUITests.swift */,
				C118087A1E752E59007B2E2D /* Info.plist */,
			);
			path = TicTacToeUITests;
			sourceTree = "<group>";
		};
		C11808861E75318C007B2E2D /* Supporting Files */ = {
			isa = PBXGroup;
			children = (
				C11808581E752E59007B2E2D /* AppDelegate.swift */,
				C118085F1E752E59007B2E2D /* Assets.xcassets */,
				C11808611E752E59007B2E2D /* LaunchScreen.storyboard */,
				C11808641E752E59007B2E2D /* Info.plist */,
			);
			name = "Supporting Files";
			sourceTree = "<group>";
		};
/* End PBXGroup section */

/* Begin PBXNativeTarget section */
		C11808541E752E58007B2E2D /* TicTacToe */ = {
			isa = PBXNativeTarget;
			buildConfigurationList = C118087D1E752E59007B2E2D /* Build configuration list for PBXNativeTarget "TicTacToe" */;
			buildPhases = (
				C11808511E752E58007B2E2D /* Sources */,
				C11808521E752E58007B2E2D /* Frameworks */,
				C11808531E752E58007B2E2D /* Resources */,
			);
			buildRules = (
			);
			dependencies = (
			);
			name = TicTacToe;
			productName = TicTacToe;
			productReference = C11808551E752E59007B2E2D /* TicTacToe.app */;
			productType = "com.apple.product-type.application";
		};
		C11808681E752E59007B2E2D /* TicTacToeTests */ = {
			isa = PBXNativeTarget;
			buildConfigurationList = C11808801E752E59007B2E2D /* Build configuration list for PBXNativeTarget "TicTacToeTests" */;
			buildPhases = (
				C11808651E752E59007B2E2D /* Sources */,
				C11808661E752E59007B2E2D /* Frameworks */,
				C11808671E752E59007B2E2D /* Resources */,
			);
			buildRules = (
			);
			dependencies = (
				C118086B1E752E59007B2E2D /* PBXTargetDependency */,
			);
			name = TicTacToeTests;
			productName = TicTacToeTests;
			productReference = C11808691E752E59007B2E2D /* TicTacToeTests.xctest */;
			productType = "com.apple.product-type.bundle.unit-test";
		};
		C11808731E752E59007B2E2D /* TicTacToeUITests */ = {
			isa = PBXNativeTarget;
			buildConfigurationList = C11808831E752E59007B2E2D /* Build configuration list for PBXNativeTarget "TicTacToeUITests" */;
			buildPhases = (
				C11808701E752E59007B2E2D /* Sources */,
				C11808711E752E59007B2E2D /* Frameworks */,
				C11808721E752E59007B2E2D /* Resources */,
			);
			buildRules = (
			);
			dependencies = (
				C11808761E752E59007B2E2D /* PBXTargetDependency */,
			);
			name = TicTacToeUITests;
			productName = TicTacToeUITests;
			productReference = C11808741E752E59007B2E2D /* TicTacToeUITests.xctest */;
			productType = "com.apple.product-type.bundle.ui-testing";
		};
/* End PBXNativeTarget section */

/* Begin PBXProject section */
		C118084D1E752E58007B2E2D /* Project object */ = {
			isa = PBXProject;
			attributes = {
				KnownAssetTags = (
					0,
					1,
				);
				LastSwiftUpdateCheck = 0820;
				LastUpgradeCheck = 0820;
				ORGANIZATIONNAME = "Arvind Venkataraman";
				TargetAttributes = {
					C11808541E752E58007B2E2D = {
						CreatedOnToolsVersion = 8.2.1;
						ProvisioningStyle = Automatic;
					};
					C11808681E752E59007B2E2D = {
						CreatedOnToolsVersion = 8.2.1;
						ProvisioningStyle = Automatic;
						TestTargetID = C11808541E752E58007B2E2D;
					};
					C11808731E752E59007B2E2D = {
						CreatedOnToolsVersion = 8.2.1;
						ProvisioningStyle = Automatic;
						TestTargetID = C11808541E752E58007B2E2D;
					};
				};
			};
			buildConfigurationList = C11808501E752E58007B2E2D /* Build configuration list for PBXProject "TicTacToe" */;
			compatibilityVersion = "Xcode 3.2";
			developmentRegion = English;
			hasScannedForEncodings = 0;
			knownRegions = (
				en,
				Base,
			);
			mainGroup = C118084C1E752E58007B2E2D;
			productRefGroup = C11808561E752E59007B2E2D /* Products */;
			projectDirPath = "";
			projectRoot = "";
			targets = (
				C11808541E752E58007B2E2D /* TicTacToe */,
				C11808681E752E59007B2E2D /* TicTacToeTests */,
				C11808731E752E59007B2E2D /* TicTacToeUITests */,
			);
		};
/* End PBXProject section */

/* Begin PBXResourcesBuildPhase section */
		C11808531E752E58007B2E2D /* Resources */ = {
			isa = PBXResourcesBuildPhase;
			buildActionMask = 2147483647;
			files = (
				C11808631E752E59007B2E2D /* LaunchScreen.storyboard in Resources */,
				C11808601E752E59007B2E2D /* Assets.xcassets in Resources */,
				C118085E1E752E59007B2E2D /* Main.storyboard in Resources */,
			);
			runOnlyForDeploymentPostprocessing = 0;
		};
		C11808671E752E59007B2E2D /* Resources */ = {
			isa = PBXResourcesBuildPhase;
			buildActionMask = 2147483647;
			files = (
			);
			runOnlyForDeploymentPostprocessing = 0;
		};
		C11808721E752E59007B2E2D /* Resources */ = {
			isa = PBXResourcesBuildPhase;
			buildActionMask = 2147483647;
			files = (
			);
			runOnlyForDeploymentPostprocessing = 0;
		};
/* End PBXResourcesBuildPhase section */

/* Begin PBXSourcesBuildPhase section */
		C11808511E752E58007B2E2D /* Sources */ = {
			isa = PBXSourcesBuildPhase;
			buildActionMask = 2147483647;
			files = (
				C118085B1E752E59007B2E2D /* ViewController.swift in Sources */,
				C11808591E752E59007B2E2D /* AppDelegate.swift in Sources */,
			);
			runOnlyForDeploymentPostprocessing = 0;
		};
		C11808651E752E59007B2E2D /* Sources */ = {
			isa = PBXSourcesBuildPhase;
			buildActionMask = 2147483647;
			files = (
				C118086E1E752E59007B2E2D /* TicTacToeTests.swift in Sources */,
			);
			runOnlyForDeploymentPostprocessing = 0;
		};
		C11808701E752E59007B2E2D /* Sources */ = {
			isa = PBXSourcesBuildPhase;
			buildActionMask = 2147483647;
			files = (
				C11808791E752E59007B2E2D /* TicTacToeUITests.swift in Sources */,
			);
			runOnlyForDeploymentPostprocessing = 0;
		};
/* End PBXSourcesBuildPhase section */

/* Begin PBXTargetDependency section */
		C118086B1E752E59007B2E2D /* PBXTargetDependency */ = {
			isa = PBXTargetDependency;
			target = C11808541E752E58007B2E2D /* TicTacToe */;
			targetProxy = C118086A1E752E59007B2E2D /* PBXContainerItemProxy */;
		};
		C11808761E752E59007B2E2D /* PBXTargetDependency */ = {
			isa = PBXTargetDependency;
			target = C11808541E752E58007B2E2D /* TicTacToe */;
			targetProxy = C11808751E752E59007B2E2D /* PBXContainerItemProxy */;
		};
/* End PBXTargetDependency section */

/* Begin PBXVariantGroup section */
		C118085C1E752E59007B2E2D /* Main.storyboard */ = {
			isa = PBXVariantGroup;
			children = (
				C118085D1E752E59007B2E2D /* Base */,
			);
			name = Main.storyboard;
			sourceTree = "<group>";
		};
		C11808611E752E59007B2E2D /* LaunchScreen.storyboard */ = {
			isa = PBXVariantGroup;
			children = (
				C11808621E752E59007B2E2D /* Base */,
			);
			name = LaunchScreen.storyboard;
			sourceTree = "<group>";
		};
/* End PBXVariantGroup section */

/* Begin XCBuildConfiguration section */
		C118087B1E752E59007B2E2D /* Debug */ = {
			isa = XCBuildConfiguration;
			buildSettings = {
				ALWAYS_SEARCH_USER_PATHS = NO;
				CLANG_ANALYZER_NONNULL = YES;
				CLANG_CXX_LANGUAGE_STANDARD = "gnu++0x";
				CLANG_CXX_LIBRARY = "libc++";
				CLANG_ENABLE_MODULES = YES;
				CLANG_ENABLE_OBJC_ARC = YES;
				CLANG_WARN_BOOL_CONVERSION = YES;
				CLANG_WARN_CONSTANT_CONVERSION = YES;
				CLANG_WARN_DIRECT_OBJC_ISA_USAGE = YES_ERROR;
				CLANG_WARN_DOCUMENTATION_COMMENTS = YES;
				CLANG_WARN_EMPTY_BODY = YES;
				CLANG_WARN_ENUM_CONVERSION = YES;
				CLANG_WARN_INFINITE_RECURSION = YES;
				CLANG_WARN_INT_CONVERSION = YES;
				CLANG_WARN_OBJC_ROOT_CLASS = YES_ERROR;
				CLANG_WARN_SUSPICIOUS_MOVE = YES;
				CLANG_WARN_UNREACHABLE_CODE = YES;
				CLANG_WARN__DUPLICATE_METHOD_MATCH = YES;
				"CODE_SIGN_IDENTITY[sdk=iphoneos*]" = "iPhone Developer";
				COPY_PHASE_STRIP = NO;
				DEBUG_INFORMATION_FORMAT = dwarf;
				ENABLE_STRICT_OBJC_MSGSEND = YES;
				ENABLE_TESTABILITY = YES;
				GCC_C_LANGUAGE_STANDARD = gnu99;
				GCC_DYNAMIC_NO_PIC = NO;
				GCC_NO_COMMON_BLOCKS = YES;
				GCC_OPTIMIZATION_LEVEL = 0;
				GCC_PREPROCESSOR_DEFINITIONS = (
					"DEBUG=1",
					"$(inherited)",
				);
				GCC_WARN_64_TO_32_BIT_CONVERSION = YES;
				GCC_WARN_ABOUT_RETURN_TYPE = YES_ERROR;
				GCC_WARN_UNDECLARED_SELECTOR = YES;
				GCC_WARN_UNINITIALIZED_AUTOS = YES_AGGRESSIVE;
				GCC_WARN_UNUSED_FUNCTION = YES;
				GCC_WARN_UNUSED_VARIABLE = YES;
				IPHONEOS_DEPLOYMENT_TARGET = 10.2;
				MTL_ENABLE_DEBUG_INFO = YES;
				ONLY_ACTIVE_ARCH = YES;
				SDKROOT = iphoneos;
				SWIFT_ACTIVE_COMPILATION_CONDITIONS = DEBUG;
				SWIFT_OPTIMIZATION_LEVEL = "-Onone";
				TARGETED_DEVICE_FAMILY = "1,2";
			};
			name = Debug;
		};
		C118087C1E752E59007B2E2D /* Release */ = {
			isa = XCBuildConfiguration;
			buildSettings = {
				ALWAYS_SEARCH_USER_PATHS = NO;
				CLANG_ANALYZER_NONNULL = YES;
				CLANG_CXX_LANGUAGE_STANDARD = "gnu++0x";
				CLANG_CXX_LIBRARY = "libc++";
				CLANG_ENABLE_MODULES = YES;
				CLANG_ENABLE_OBJC_ARC = YES;
				CLANG_WARN_BOOL_CONVERSION = YES;
				CLANG_WARN_CONSTANT_CONVERSION = YES;
				CLANG_WARN_DIRECT_OBJC_ISA_USAGE = YES_ERROR;
				CLANG_WARN_DOCUMENTATION_COMMENTS = YES;
				CLANG_WARN_EMPTY_BODY = YES;
				CLANG_WARN_ENUM_CONVERSION = YES;
				CLANG_WARN_INFINITE_RECURSION = YES;
				CLANG_WARN_INT_CONVERSION = YES;
				CLANG_WARN_OBJC_ROOT_CLASS = YES_ERROR;
				CLANG_WARN_SUSPICIOUS_MOVE = YES;
				CLANG_WARN_UNREACHABLE_CODE = YES;
				CLANG_WARN__DUPLICATE_METHOD_MATCH = YES;
				"CODE_SIGN_IDENTITY[sdk=iphoneos*]" = "iPhone Developer";
				COPY_PHASE_STRIP = NO;
				DEBUG_INFORMATION_FORMAT = "dwarf-with-dsym";
				ENABLE_NS_ASSERTIONS = NO;
				ENABLE_STRICT_OBJC_MSGSEND = YES;
				GCC_C_LANGUAGE_STANDARD = gnu99;
				GCC_NO_COMMON_BLOCKS = YES;
				GCC_WARN_64_TO_32_BIT_CONVERSION = YES;
				GCC_WARN_ABOUT_RETURN_TYPE = YES_ERROR;
				GCC_WARN_UNDECLARED_SELECTOR = YES;
				GCC_WARN_UNINITIALIZED_AUTOS = YES_AGGRESSIVE;
				GCC_WARN_UNUSED_FUNCTION = YES;
				GCC_WARN_UNUSED_VARIABLE = YES;
				IPHONEOS_DEPLOYMENT_TARGET = 10.2;
				MTL_ENABLE_DEBUG_INFO = NO;
				SDKROOT = iphoneos;
				SWIFT_OPTIMIZATION_LEVEL = "-Owholemodule";
				TARGETED_DEVICE_FAMILY = "1,2";
				VALIDATE_PRODUCT = YES;
			};
			name = Release;
		};
		C118087E1E752E59007B2E2D /* Debug */ = {
			isa = XCBuildConfiguration;
			buildSettings = {
				ASSETCATALOG_COMPILER_APPICON_NAME = AppIcon;
				INFOPLIST_FILE = TicTacToe/Info.plist;
				LD_RUNPATH_SEARCH_PATHS = "$(inherited) @executable_path/Frameworks";
				PRODUCT_BUNDLE_IDENTIFIER = com.arvindve.TicTacToe;
				PRODUCT_NAME = "$(TARGET_NAME)";
				SWIFT_VERSION = 3.0;
				TARGETED_DEVICE_FAMILY = "1,2";
			};
			name = Debug;
		};
		C118087F1E752E59007B2E2D /* Release */ = {
			isa = XCBuildConfiguration;
			buildSettings = {
				ASSETCATALOG_COMPILER_APPICON_NAME = AppIcon;
				INFOPLIST_FILE = TicTacToe/Info.plist;
				LD_RUNPATH_SEARCH_PATHS = "$(inherited) @executable_path/Frameworks";
				PRODUCT_BUNDLE_IDENTIFIER = com.arvindve.TicTacToe;
				PRODUCT_NAME = "$(TARGET_NAME)";
				SWIFT_VERSION = 3.0;
				TARGETED_DEVICE_FAMILY = "1,2";
			};
			name = Release;
		};
		C11808811E752E59007B2E2D /* Debug */ = {
			isa = XCBuildConfiguration;
			buildSettings = {
				ALWAYS_EMBED_SWIFT_STANDARD_LIBRARIES = YES;
				BUNDLE_LOADER = "$(TEST_HOST)";
				INFOPLIST_FILE = TicTacToeTests/Info.plist;
				LD_RUNPATH_SEARCH_PATHS = "$(inherited) @executable_path/Frameworks @loader_path/Frameworks";
				PRODUCT_BUNDLE_IDENTIFIER = com.arvindve.TicTacToeTests;
				PRODUCT_NAME = "$(TARGET_NAME)";
				SWIFT_VERSION = 3.0;
				TEST_HOST = "$(BUILT_PRODUCTS_DIR)/TicTacToe.app/TicTacToe";
			};
			name = Debug;
		};
		C11808821E752E59007B2E2D /* Release */ = {
			isa = XCBuildConfiguration;
			buildSettings = {
				ALWAYS_EMBED_SWIFT_STANDARD_LIBRARIES = YES;
				BUNDLE_LOADER = "$(TEST_HOST)";
				INFOPLIST_FILE = TicTacToeTests/Info.plist;
				LD_RUNPATH_SEARCH_PATHS = "$(inherited) @executable_path/Frameworks @loader_path/Frameworks";
				PRODUCT_BUNDLE_IDENTIFIER = com.arvindve.TicTacToeTests;
				PRODUCT_NAME = "$(TARGET_NAME)";
				SWIFT_VERSION = 3.0;
				TEST_HOST = "$(BUILT_PRODUCTS_DIR)/TicTacToe.app/TicTacToe";
			};
			name = Release;
		};
		C11808841E752E59007B2E2D /* Debug */ = {
			isa = XCBuildConfiguration;
			buildSettings = {
				ALWAYS_EMBED_SWIFT_STANDARD_LIBRARIES = YES;
				INFOPLIST_FILE = TicTacToeUITests/Info.plist;
				LD_RUNPATH_SEARCH_PATHS = "$(inherited) @executable_path/Frameworks @loader_path/Frameworks";
				PRODUCT_BUNDLE_IDENTIFIER = com.arvindve.TicTacToeUITests;
				PRODUCT_NAME = "$(TARGET_NAME)";
				SWIFT_VERSION = 3.0;
				TEST_TARGET_NAME = TicTacToe;
			};
			name = Debug;
		};
		C11808851E752E59007B2E2D /* Release */ = {
			isa = XCBuildConfiguration;
			buildSettings = {
				ALWAYS_EMBED_SWIFT_STANDARD_LIBRARIES = YES;
				INFOPLIST_FILE = TicTacToeUITests/Info.plist;
				LD_RUNPATH_SEARCH_PATHS = "$(inherited) @executable_path/Frameworks @loader_path/Frameworks";
				PRODUCT_BUNDLE_IDENTIFIER = com.arvindve.TicTacToeUITests;
				PRODUCT_NAME = "$(TARGET_NAME)";
				SWIFT_VERSION = 3.0;
				TEST_TARGET_NAME = TicTacToe;
			};
			name = Release;
		};
/* End XCBuildConfiguration section */

/* Begin XCConfigurationList section */
		C11808501E752E58007B2E2D /* Build configuration list for PBXProject "TicTacToe" */ = {
			isa = XCConfigurationList;
			buildConfigurations = (
				C118087B1E752E59007B2E2D /* Debug */,
				C118087C1E752E59007B2E2D /* Release */,
			);
			defaultConfigurationIsVisible = 0;
			defaultConfigurationName = Release;
		};
		C118087D1E752E59007B2E2D /* Build configuration list for PBXNativeTarget "TicTacToe" */ = {
			isa = XCConfigurationList;
			buildConfigurations = (
				C118087E1E752E59007B2E2D /* Debug */,
				C118087F1E752E59007B2E2D /* Release */,
			);
			defaultConfigurationIsVisible = 0;
		};
		C11808801E752E59007B2E2D /* Build configuration list for PBXNativeTarget "TicTacToeTests" */ = {
			isa = XCConfigurationList;
			buildConfigurations = (
				C11808811E752E59007B2E2D /* Debug */,
				C11808821E752E59007B2E2D /* Release */,
			);
			defaultConfigurationIsVisible = 0;
		};
		C11808831E752E59007B2E2D /* Build configuration list for PBXNativeTarget "TicTacToeUITests" */ = {
			isa = XCConfigurationList;
			buildConfigurations = (
				C11808841E752E59007B2E2D /* Debug */,
				C11808851E752E59007B2E2D /* Release */,
			);
			defaultConfigurationIsVisible = 0;
		};
/* End XCConfigurationList section */
	};
	rootObject = C118084D1E752E58007B2E2D /* Project object */;
}
